dependencies:
- name: common
  repository: https://bjw-s-labs.github.io/helm-charts
  version: 1.5.1
- name: redis
  repository: https://charts.bitnami.com/bitnami
  version: 21.0.0
digest: sha256:b09102dab7f293f465cd6c694c7ef4eea90b90997439d56c054ea78d205bc309
generated: "2025-05-07T01:33:10.779400912Z"
