dependencies:
- name: common
  repository: https://bjw-s-labs.github.io/helm-charts
  version: 4.0.1
- name: redis
  repository: https://charts.bitnami.com/bitnami
  version: 21.0.0
digest: sha256:444d2550b77bc1404ca324b27534945fdd66fb16b8206d402c871c72c6ea6f1f
generated: "2025-05-17T04:58:44.951967781Z"
