dependencies:
- name: common
  repository: https://bjw-s-labs.github.io/helm-charts
  version: 4.1.1
- name: redis
  repository: https://charts.bitnami.com/bitnami
  version: 21.0.0
digest: sha256:28387c2bfe5c9e5487f65b474f9cc4bbb2113afc2408634156cb6b60519a1862
generated: "2025-06-12T16:43:47.190828696Z"
