dependencies:
- name: common
  repository: https://bjw-s.github.io/helm-charts
  version: 1.5.1
- name: redis
  repository: https://charts.bitnami.com/bitnami
  version: 20.7.0
- name: paperless-ai
  repository: https://charts.hydaz.com
  version: 0.1.7
digest: sha256:c4650c7be650a42b26c0911003ca3cefc907ec45b72b08eb2167efdcddd8819a
generated: "2025-04-13T19:58:28.446592+10:00"
