dependencies:
- name: common
  repository: https://bjw-s.github.io/helm-charts
  version: 1.5.1
- name: redis
  repository: https://charts.bitnami.com/bitnami
  version: 20.7.0
- name: paperless-ai
  repository: https://charts.hydaz.com
  version: 0.1.2
digest: sha256:6ee735f58f12e8edbef9ffe7e0f9d993b52769a63e5b63e17d8acffc70325aa4
generated: "2025-04-13T10:21:27.743630421+10:00"
