dependencies:
- name: common
  repository: https://bjw-s.github.io/helm-charts
  version: 1.5.1
- name: redis
  repository: https://charts.bitnami.com/bitnami
  version: 20.7.0
- name: paperless-ai
  repository: https://charts.hydaz.com
  version: 0.1.6
digest: sha256:d48509ce3e7325d6fb9295fd665af41be780cfbe543eea9c80eadc47b9444d35
generated: "2025-04-13T09:40:51.639404432Z"
